
Microsoft Visual Studio Solution File, Format Version 12.00
# Visual Studio 15
VisualStudioVersion = 15.0.27703.2000
MinimumVisualStudioVersion = 10.0.40219.1
Project("{FAE04EC0-301F-11D3-BF4B-00C04F79EFBC}") = "wcf_chat", "wcf_chat\wcf_chat.csproj", "{F019315C-D53B-48CF-A6BB-B773640CD3FA}"
EndProject
Project("{FAE04EC0-301F-11D3-BF4B-00C04F79EFBC}") = "chat_host", "chat_host\chat_host.csproj", "{61CB2E22-6734-450E-AF68-2CFDDC848AAA}"
EndProject
Project("{FAE04EC0-301F-11D3-BF4B-00C04F79EFBC}") = "chat_client", "chat_client\chat_client.csproj", "{4B63C925-309A-4F47-941E-691C25F5971A}"
EndProject
Global
	GlobalSection(SolutionConfigurationPlatforms) = preSolution
		Debug|Any CPU = Debug|Any CPU
		Release|Any CPU = Release|Any CPU
	EndGlobalSection
	GlobalSection(ProjectConfigurationPlatforms) = postSolution
		{F019315C-D53B-48CF-A6BB-B773640CD3FA}.Debug|Any CPU.ActiveCfg = Debug|Any CPU
		{F019315C-D53B-48CF-A6BB-B773640CD3FA}.Debug|Any CPU.Build.0 = Debug|Any CPU
		{F019315C-D53B-48CF-A6BB-B773640CD3FA}.Release|Any CPU.ActiveCfg = Release|Any CPU
		{F019315C-D53B-48CF-A6BB-B773640CD3FA}.Release|Any CPU.Build.0 = Release|Any CPU
		{61CB2E22-6734-450E-AF68-2CFDDC848AAA}.Debug|Any CPU.ActiveCfg = Debug|Any CPU
		{61CB2E22-6734-450E-AF68-2CFDDC848AAA}.Debug|Any CPU.Build.0 = Debug|Any CPU
		{61CB2E22-6734-450E-AF68-2CFDDC848AAA}.Release|Any CPU.ActiveCfg = Release|Any CPU
		{61CB2E22-6734-450E-AF68-2CFDDC848AAA}.Release|Any CPU.Build.0 = Release|Any CPU
		{4B63C925-309A-4F47-941E-691C25F5971A}.Debug|Any CPU.ActiveCfg = Debug|Any CPU
		{4B63C925-309A-4F47-941E-691C25F5971A}.Debug|Any CPU.Build.0 = Debug|Any CPU
		{4B63C925-309A-4F47-941E-691C25F5971A}.Release|Any CPU.ActiveCfg = Release|Any CPU
		{4B63C925-309A-4F47-941E-691C25F5971A}.Release|Any CPU.Build.0 = Release|Any CPU
	EndGlobalSection
	GlobalSection(SolutionProperties) = preSolution
		HideSolutionNode = FALSE
	EndGlobalSection
	GlobalSection(ExtensibilityGlobals) = postSolution
		SolutionGuid = {29242BB8-CB98-4DCC-A3B8-28C94A6451CA}
	EndGlobalSection
EndGlobal
